github.com/confluentinc/confluent-kafka-go v1.7.0/go.mod h1:u2zNLny2xq+5rWeTQjFHbDzzNuba4P1vo31r9r4uAdg=
github.com/nats-io/nats.go v1.11.0 h1:L263PZkrmkRJRJT2YHU8GwWWvEvmr9/LUKuJTXsF32k=
github.com/nats-io/nats.go v1.11.0/go.mod h1:BPko4oXsySz4aSWeFgOHLZs3G4Jq4ZAyE6/zMCxRT6w=
github.com/nats-io/nkeys v0.3.0 h1:cgM5tL53EvYRU+2YLXIK0G2mJtK12Ft9oeooSZMA2G8=
github.com/nats-io/nkeys v0.3.0/go.mod h1:gvUNGjVcM2IPr5rCsRsC6Wb3Hr2CQAm08dsxtV6A5y4=
github.com/nats-io/nuid v1.0.1 h1:5iA8DT8V7q8WK2EScv2padNa/rTESc1KdnPw4TC2paw=
github.com/nats-io/nuid v1.0.1/go.mod h1:19wcPz3Ph3q0Jbyiqsd0kePYG7A95tJPxeL+1OSON2c=
github.com/stewelarend/config v0.0.2 h1:yXCew1XXkpJg6hiH8q6Uicw1BiT75M3lRwJhDVR286Q=
github.com/stewelarend/config v0.0.2/go.mod h1:vZwHXamy+CCI2JHQzMT9QuO5xoK5HFjOAA6hA6CLeYU=
github.com/stewelarend/config v0.0.3-0.20210527195703-8026709a1547 h1:bEbogIdWVQYGYrDFRBswkj2c3QI2t5FM7hlwHklzbmU=
github.com/stewelarend/config v0.0.3-0.20210527195703-8026709a1547/go.mod h1:CQgqzy9m3YaCI1jnC1Xj1JIEkaQa4cSWOSfvZddO7UA=
github.com/stewelarend/consumer v0.0.0-20210505203200-c4eb0bbe8fa3 h1:9Slw5FK3YDrNurOqi41AcQ9uYyu/vBTrUK6jt9vKcsI=
github.com/stewelarend/consumer v0.0.0-20210505203200-c4eb0bbe8fa3/go.mod h1:q9qbXnJKNvtbtuM1Y1QkcbiO/dchE1xIObzvxkBSknQ=
github.com/stewelarend/consumer v0.0.0-20210506152901-1e3e7005308d h1:YgIECi4rh1zgt5ReiYscwmBu1+o8fTDWFE9h3/+Fdks=
github.com/stewelarend/consumer v0.0.0-20210506152901-1e3e7005308d/go.mod h1:QcPVL+rtJo5Aa+hJ65w0mltXdWnJ2RlYfNadseEzR4E=
github.com/stewelarend/consumer v0.0.0-20210527210637-e3a52f112b43 h1:EuOho3ELlQGDEpq+0cC5ob5ZyNrWrqbUzRqJb4U05wI=
github.com/stewelarend/consumer v0.0.0-20210527210637-e3a52f112b43/go.mod h1:eepFH3/X12ekrBGUt/mvPSF++znEiD3uGY9iWYAosNg=
github.com/stewelarend/consumer v0.0.1 h1:uwRSKeGlWfMLkFoW3jf3HDcPsQoPKPvC2QmE0SVgkiM=
github.com/stewelarend/consumer v0.0.1/go.mod h1:RR07gWmTwIWs6UvKoqIN1BbEfBC6YDxwK0SUvo7shTY=
github.com/stewelarend/controller v0.0.0-20210528060958-91b4d9e8c83b h1:x7HE9mi5ivtCzXOpAzGC3PHFK0srPbPX8b35euHSb5w=
github.com/stewelarend/controller v0.0.0-20210528060958-91b4d9e8c83b/go.mod h1:S+H+5K4plMm7vBVEzn9UuQKV9C/JGy8ShYhYPfrEB90=
github.com/stewelarend/logger v0.0.1 h1:1SG1ZTz2VlPevGzJN5nEmegeBD2q/JzwejVR+ID9cSs=
github.com/stewelarend/logger v0.0.1/go.mod h1:9N9cjtsb9vHO+Noy17MDNMmH4fL1jBpGJ2HIxQyljvo=
github.com/stewelarend/logger v0.0.2-0.20210527194720-308ba4de2f2f h1:ucKdYHrEl1nuDi/0XzyLtnwOPcuG5ssA+28THSfkx2g=
github.com/stewelarend/logger v0.0.2-0.20210527194720-308ba4de2f2f/go.mod h1:9N9cjtsb9vHO+Noy17MDNMmH4fL1jBpGJ2HIxQyljvo=
github.com/stewelarend/logger v0.0.2 h1:xrETzmMUM1s/BS7RjFmEmc+52OTarGf04QfU7R7ZhaQ=
github.com/stewelarend/logger v0.0.2/go.mod h1:9N9cjtsb9vHO+Noy17MDNMmH4fL1jBpGJ2HIxQyljvo=
github.com/stewelarend/rpc v0.0.0-20210505202517-9f518565e79c h1:DIJs/vHeiIMBKR59JZFuh6j1LyYsvHL6cT5bDma0dEw=
github.com/stewelarend/rpc v0.0.0-20210505202517-9f518565e79c/go.mod h1:VRUyziTmk52t/5AexHIY8wFQrlcP6io+Mq2MSrDicvE=
github.com/stewelarend/rpc v0.0.1 h1:WHfJ2cE6izOa0bkvbSJBVfnhAhh1HEr/v5tcV+dQi6Q=
github.com/stewelarend/rpc v0.0.1/go.mod h1:M6NpWTliIhvKJeIhxkR2pfki2Mmeu7UrfytMPCXN3QQ=
github.com/stewelarend/util v0.0.1 h1:1ivCTixeY76nMaua/2RimslifxldpcT0o7XKMSZFl3Y=
github.com/stewelarend/util v0.0.1/go.mod h1:OXfy3m1gNx2RmTNj7+AEciHq9awOJ307vyrjezCsR6Q=
github.com/stewelarend/util v0.0.3 h1:ibEsl9qGU1TC12d8YeSSxw54iMlxmqrQ/Nr2biKaKPI=
github.com/stewelarend/util v0.0.3/go.mod h1:OXfy3m1gNx2RmTNj7+AEciHq9awOJ307vyrjezCsR6Q=
golang.org/x/crypto v0.0.0-20210314154223-e6e6c4f2bb5b h1:wSOdpTq0/eI46Ez/LkDwIsAKA71YP2SRKBODiRWM0as=
golang.org/x/crypto v0.0.0-20210314154223-e6e6c4f2bb5b/go.mod h1:T9bdIzuCu7OtxOm1hfPfRQxPLYneinmdGuTeoZ9dtd4=
golang.org/x/net v0.0.0-20210226172049-e18ecbb05110/go.mod h1:m0MpNAwzfU5UDzcl9v0D8zg8gWTRqZa9RBIspLL5mdg=
golang.org/x/sys v0.0.0-20201119102817-f84b799fce68/go.mod h1:h1NjWce9XRLGQEsW7wpKNCjG9DtNlClVuFLEZdDNbEs=
golang.org/x/term v0.0.0-20201126162022-7de9c90e9dd1/go.mod h1:bj7SfCRtBDWHUb9snDiAeCFNEtKQo2Wmx5Cou7ajbmo=
golang.org/x/text v0.3.3/go.mod h1:5Zoc/QRtKVWzQhOtBMvqHzDpF6irO9z98xDceosuGiQ=
golang.org/x/tools v0.0.0-20180917221912-90fa682c2a6e/go.mod h1:n7NCudcB/nEzxVGmLbDWY5pfWTLqBcC2KZ6jyYvM4mQ=
gopkg.in/check.v1 v0.0.0-20161208181325-20d25e280405/go.mod h1:Co6ibVJAznAaIkqp8huTwlJQCZ016jof/cbN4VW5Yz0=
gopkg.in/yaml.v2 v2.4.0 h1:D8xgwECY7CYvx+Y2n4sBz93Jn9JRvxdiyyo8CTfuKaY=
gopkg.in/yaml.v2 v2.4.0/go.mod h1:RDklbk79AGWmwhnvt/jBztapEOGDOx6ZbXqjP6csGnQ=
